// !$*UTF8*$!
{
	archiveVersion = 1;
	classes = {
	};
	objectVersion = 46;
	objects = {

/* Begin PBXBuildFile section */
		51BC12C21C16B37700346BC9 /* AppDelegate.swift in Sources */ = {isa = PBXBuildFile; fileRef = 51BC12C11C16B37700346BC9 /* AppDelegate.swift */; };
		51BC12C41C16B37700346BC9 /* MasterViewController.swift in Sources */ = {isa = PBXBuildFile; fileRef = 51BC12C31C16B37700346BC9 /* MasterViewController.swift */; };
		51BC12C61C16B37700346BC9 /* DetailViewController.swift in Sources */ = {isa = PBXBuildFile; fileRef = 51BC12C51C16B37700346BC9 /* DetailViewController.swift */; };
		51BC12C91C16B37700346BC9 /* Main.storyboard in Resources */ = {isa = PBXBuildFile; fileRef = 51BC12C71C16B37700346BC9 /* Main.storyboard */; };
		51BC12CB1C16B37700346BC9 /* Assets.xcassets in Resources */ = {isa = PBXBuildFile; fileRef = 51BC12CA1C16B37700346BC9 /* Assets.xcassets */; };
		51BC12CE1C16B37700346BC9 /* LaunchScreen.storyboard in Resources */ = {isa = PBXBuildFile; fileRef = 51BC12CC1C16B37700346BC9 /* LaunchScreen.storyboard */; };
		51BC12D91C16B37700346BC9 /* swift_lint_sampleTests.swift in Sources */ = {isa = PBXBuildFile; fileRef = 51BC12D81C16B37700346BC9 /* swift_lint_sampleTests.swift */; };
		51BC12E41C16B37700346BC9 /* swift_lint_sampleUITests.swift in Sources */ = {isa = PBXBuildFile; fileRef = 51BC12E31C16B37700346BC9 /* swift_lint_sampleUITests.swift */; };
/* End PBXBuildFile section */

/* Begin PBXContainerItemProxy section */
		51BC12D51C16B37700346BC9 /* PBXContainerItemProxy */ = {
			isa = PBXContainerItemProxy;
			containerPortal = 51BC12B61C16B37700346BC9 /* Project object */;
			proxyType = 1;
			remoteGlobalIDString = 51BC12BD1C16B37700346BC9;
			remoteInfo = "swift-lint-sample";
		};
		51BC12E01C16B37700346BC9 /* PBXContainerItemProxy */ = {
			isa = PBXContainerItemProxy;
			containerPortal = 51BC12B61C16B37700346BC9 /* Project object */;
			proxyType = 1;
			remoteGlobalIDString = 51BC12BD1C16B37700346BC9;
			remoteInfo = "swift-lint-sample";
		};
/* End PBXContainerItemProxy section */

/* Begin PBXFileReference section */
		51BC12BE1C16B37700346BC9 /* swift-lint-sample.app */ = {isa = PBXFileReference; explicitFileType = wrapper.application; includeInIndex = 0; path = "swift-lint-sample.app"; sourceTree = BUILT_PRODUCTS_DIR; };
		51BC12C11C16B37700346BC9 /* AppDelegate.swift */ = {isa = PBXFileReference; lastKnownFileType = sourcecode.swift; path = AppDelegate.swift; sourceTree = "<group>"; };
		51BC12C31C16B37700346BC9 /* MasterViewController.swift */ = {isa = PBXFileReference; lastKnownFileType = sourcecode.swift; path = MasterViewController.swift; sourceTree = "<group>"; };
		51BC12C51C16B37700346BC9 /* DetailViewController.swift */ = {isa = PBXFileReference; lastKnownFileType = sourcecode.swift; path = DetailViewController.swift; sourceTree = "<group>"; };
		51BC12C81C16B37700346BC9 /* Base */ = {isa = PBXFileReference; lastKnownFileType = file.storyboard; name = Base; path = Base.lproj/Main.storyboard; sourceTree = "<group>"; };
		51BC12CA1C16B37700346BC9 /* Assets.xcassets */ = {isa = PBXFileReference; lastKnownFileType = folder.assetcatalog; path = Assets.xcassets; sourceTree = "<group>"; };
		51BC12CD1C16B37700346BC9 /* Base */ = {isa = PBXFileReference; lastKnownFileType = file.storyboard; name = Base; path = Base.lproj/LaunchScreen.storyboard; sourceTree = "<group>"; };
		51BC12CF1C16B37700346BC9 /* Info.plist */ = {isa = PBXFileReference; lastKnownFileType = text.plist.xml; path = Info.plist; sourceTree = "<group>"; };
		51BC12D41C16B37700346BC9 /* swift-lint-sampleTests.xctest */ = {isa = PBXFileReference; explicitFileType = wrapper.cfbundle; includeInIndex = 0; path = "swift-lint-sampleTests.xctest"; sourceTree = BUILT_PRODUCTS_DIR; };
		51BC12D81C16B37700346BC9 /* swift_lint_sampleTests.swift */ = {isa = PBXFileReference; lastKnownFileType = sourcecode.swift; path = swift_lint_sampleTests.swift; sourceTree = "<group>"; };
		51BC12DA1C16B37700346BC9 /* Info.plist */ = {isa = PBXFileReference; lastKnownFileType = text.plist.xml; path = Info.plist; sourceTree = "<group>"; };
		51BC12DF1C16B37700346BC9 /* swift-lint-sampleUITests.xctest */ = {isa = PBXFileReference; explicitFileType = wrapper.cfbundle; includeInIndex = 0; path = "swift-lint-sampleUITests.xctest"; sourceTree = BUILT_PRODUCTS_DIR; };
		51BC12E31C16B37700346BC9 /* swift_lint_sampleUITests.swift */ = {isa = PBXFileReference; lastKnownFileType = sourcecode.swift; path = swift_lint_sampleUITests.swift; sourceTree = "<group>"; };
		51BC12E51C16B37700346BC9 /* Info.plist */ = {isa = PBXFileReference; lastKnownFileType = text.plist.xml; path = Info.plist; sourceTree = "<group>"; };
/* End PBXFileReference section */

/* Begin PBXFrameworksBuildPhase section */
		51BC12BB1C16B37700346BC9 /* Frameworks */ = {
			isa = PBXFrameworksBuildPhase;
			buildActionMask = 2147483647;
			files = (
			);
			runOnlyForDeploymentPostprocessing = 0;
		};
		51BC12D11C16B37700346BC9 /* Frameworks */ = {
			isa = PBXFrameworksBuildPhase;
			buildActionMask = 2147483647;
			files = (
			);
			runOnlyForDeploymentPostprocessing = 0;
		};
		51BC12DC1C16B37700346BC9 /* Frameworks */ = {
			isa = PBXFrameworksBuildPhase;
			buildActionMask = 2147483647;
			files = (
			);
			runOnlyForDeploymentPostprocessing = 0;
		};
/* End PBXFrameworksBuildPhase section */

/* Begin PBXGroup section */
		51BC12B51C16B37700346BC9 = {
			isa = PBXGroup;
			children = (
				51BC12C01C16B37700346BC9 /* swift-lint-sample */,
				51BC12D71C16B37700346BC9 /* swift-lint-sampleTests */,
				51BC12E21C16B37700346BC9 /* swift-lint-sampleUITests */,
				51BC12BF1C16B37700346BC9 /* Products */,
			);
			sourceTree = "<group>";
		};
		51BC12BF1C16B37700346BC9 /* Products */ = {
			isa = PBXGroup;
			children = (
				51BC12BE1C16B37700346BC9 /* swift-lint-sample.app */,
				51BC12D41C16B37700346BC9 /* swift-lint-sampleTests.xctest */,
				51BC12DF1C16B37700346BC9 /* swift-lint-sampleUITests.xctest */,
			);
			name = Products;
			sourceTree = "<group>";
		};
		51BC12C01C16B37700346BC9 /* swift-lint-sample */ = {
			isa = PBXGroup;
			children = (
				51BC12C11C16B37700346BC9 /* AppDelegate.swift */,
				51BC12C31C16B37700346BC9 /* MasterViewController.swift */,
				51BC12C51C16B37700346BC9 /* DetailViewController.swift */,
				51BC12C71C16B37700346BC9 /* Main.storyboard */,
				51BC12CA1C16B37700346BC9 /* Assets.xcassets */,
				51BC12CC1C16B37700346BC9 /* LaunchScreen.storyboard */,
				51BC12CF1C16B37700346BC9 /* Info.plist */,
			);
			path = "swift-lint-sample";
			sourceTree = "<group>";
		};
		51BC12D71C16B37700346BC9 /* swift-lint-sampleTests */ = {
			isa = PBXGroup;
			children = (
				51BC12D81C16B37700346BC9 /* swift_lint_sampleTests.swift */,
				51BC12DA1C16B37700346BC9 /* Info.plist */,
			);
			path = "swift-lint-sampleTests";
			sourceTree = "<group>";
		};
		51BC12E21C16B37700346BC9 /* swift-lint-sampleUITests */ = {
			isa = PBXGroup;
			children = (
				51BC12E31C16B37700346BC9 /* swift_lint_sampleUITests.swift */,
				51BC12E51C16B37700346BC9 /* Info.plist */,
			);
			path = "swift-lint-sampleUITests";
			sourceTree = "<group>";
		};
/* End PBXGroup section */

/* Begin PBXNativeTarget section */
		51BC12BD1C16B37700346BC9 /* swift-lint-sample */ = {
			isa = PBXNativeTarget;
			buildConfigurationList = 51BC12E81C16B37700346BC9 /* Build configuration list for PBXNativeTarget "swift-lint-sample" */;
			buildPhases = (
				51BC12BA1C16B37700346BC9 /* Sources */,
				51BC12BB1C16B37700346BC9 /* Frameworks */,
				51BC12BC1C16B37700346BC9 /* Resources */,
			);
			buildRules = (
			);
			dependencies = (
			);
			name = "swift-lint-sample";
			productName = "swift-lint-sample";
			productReference = 51BC12BE1C16B37700346BC9 /* swift-lint-sample.app */;
			productType = "com.apple.product-type.application";
		};
		51BC12D31C16B37700346BC9 /* swift-lint-sampleTests */ = {
			isa = PBXNativeTarget;
			buildConfigurationList = 51BC12EB1C16B37700346BC9 /* Build configuration list for PBXNativeTarget "swift-lint-sampleTests" */;
			buildPhases = (
				51BC12D01C16B37700346BC9 /* Sources */,
				51BC12D11C16B37700346BC9 /* Frameworks */,
				51BC12D21C16B37700346BC9 /* Resources */,
			);
			buildRules = (
			);
			dependencies = (
				51BC12D61C16B37700346BC9 /* PBXTargetDependency */,
			);
			name = "swift-lint-sampleTests";
			productName = "swift-lint-sampleTests";
			productReference = 51BC12D41C16B37700346BC9 /* swift-lint-sampleTests.xctest */;
			productType = "com.apple.product-type.bundle.unit-test";
		};
		51BC12DE1C16B37700346BC9 /* swift-lint-sampleUITests */ = {
			isa = PBXNativeTarget;
			buildConfigurationList = 51BC12EE1C16B37700346BC9 /* Build configuration list for PBXNativeTarget "swift-lint-sampleUITests" */;
			buildPhases = (
				51BC12DB1C16B37700346BC9 /* Sources */,
				51BC12DC1C16B37700346BC9 /* Frameworks */,
				51BC12DD1C16B37700346BC9 /* Resources */,
			);
			buildRules = (
			);
			dependencies = (
				51BC12E11C16B37700346BC9 /* PBXTargetDependency */,
			);
			name = "swift-lint-sampleUITests";
			productName = "swift-lint-sampleUITests";
			productReference = 51BC12DF1C16B37700346BC9 /* swift-lint-sampleUITests.xctest */;
			productType = "com.apple.product-type.bundle.ui-testing";
		};
/* End PBXNativeTarget section */

/* Begin PBXProject section */
		51BC12B61C16B37700346BC9 /* Project object */ = {
			isa = PBXProject;
			attributes = {
				LastSwiftUpdateCheck = 0710;
				LastUpgradeCheck = 0710;
				ORGANIZATIONNAME = chaos114;
				TargetAttributes = {
					51BC12BD1C16B37700346BC9 = {
						CreatedOnToolsVersion = 7.1.1;
						DevelopmentTeam = GLQ36347M7;
					};
					51BC12D31C16B37700346BC9 = {
						CreatedOnToolsVersion = 7.1.1;
						DevelopmentTeam = GLQ36347M7;
						TestTargetID = 51BC12BD1C16B37700346BC9;
					};
					51BC12DE1C16B37700346BC9 = {
						CreatedOnToolsVersion = 7.1.1;
						DevelopmentTeam = GLQ36347M7;
						TestTargetID = 51BC12BD1C16B37700346BC9;
					};
				};
			};
			buildConfigurationList = 51BC12B91C16B37700346BC9 /* Build configuration list for PBXProject "swift-lint-sample" */;
			compatibilityVersion = "Xcode 3.2";
			developmentRegion = English;
			hasScannedForEncodings = 0;
			knownRegions = (
				en,
				Base,
			);
			mainGroup = 51BC12B51C16B37700346BC9;
			productRefGroup = 51BC12BF1C16B37700346BC9 /* Products */;
			projectDirPath = "";
			projectRoot = "";
			targets = (
				51BC12BD1C16B37700346BC9 /* swift-lint-sample */,
				51BC12D31C16B37700346BC9 /* swift-lint-sampleTests */,
				51BC12DE1C16B37700346BC9 /* swift-lint-sampleUITests */,
			);
		};
/* End PBXProject section */

/* Begin PBXResourcesBuildPhase section */
		51BC12BC1C16B37700346BC9 /* Resources */ = {
			isa = PBXResourcesBuildPhase;
			buildActionMask = 2147483647;
			files = (
				51BC12CE1C16B37700346BC9 /* LaunchScreen.storyboard in Resources */,
				51BC12CB1C16B37700346BC9 /* Assets.xcassets in Resources */,
				51BC12C91C16B37700346BC9 /* Main.storyboard in Resources */,
			);
			runOnlyForDeploymentPostprocessing = 0;
		};
		51BC12D21C16B37700346BC9 /* Resources */ = {
			isa = PBXResourcesBuildPhase;
			buildActionMask = 2147483647;
			files = (
			);
			runOnlyForDeploymentPostprocessing = 0;
		};
		51BC12DD1C16B37700346BC9 /* Resources */ = {
			isa = PBXResourcesBuildPhase;
			buildActionMask = 2147483647;
			files = (
			);
			runOnlyForDeploymentPostprocessing = 0;
		};
/* End PBXResourcesBuildPhase section */

/* Begin PBXSourcesBuildPhase section */
		51BC12BA1C16B37700346BC9 /* Sources */ = {
			isa = PBXSourcesBuildPhase;
			buildActionMask = 2147483647;
			files = (
				51BC12C61C16B37700346BC9 /* DetailViewController.swift in Sources */,
				51BC12C41C16B37700346BC9 /* MasterViewController.swift in Sources */,
				51BC12C21C16B37700346BC9 /* AppDelegate.swift in Sources */,
			);
			runOnlyForDeploymentPostprocessing = 0;
		};
		51BC12D01C16B37700346BC9 /* Sources */ = {
			isa = PBXSourcesBuildPhase;
			buildActionMask = 2147483647;
			files = (
				51BC12D91C16B37700346BC9 /* swift_lint_sampleTests.swift in Sources */,
			);
			runOnlyForDeploymentPostprocessing = 0;
		};
		51BC12DB1C16B37700346BC9 /* Sources */ = {
			isa = PBXSourcesBuildPhase;
			buildActionMask = 2147483647;
			files = (
				51BC12E41C16B37700346BC9 /* swift_lint_sampleUITests.swift in Sources */,
			);
			runOnlyForDeploymentPostprocessing = 0;
		};
/* End PBXSourcesBuildPhase section */

/* Begin PBXTargetDependency section */
		51BC12D61C16B37700346BC9 /* PBXTargetDependency */ = {
			isa = PBXTargetDependency;
			target = 51BC12BD1C16B37700346BC9 /* swift-lint-sample */;
			targetProxy = 51BC12D51C16B37700346BC9 /* PBXContainerItemProxy */;
		};
		51BC12E11C16B37700346BC9 /* PBXTargetDependency */ = {
			isa = PBXTargetDependency;
			target = 51BC12BD1C16B37700346BC9 /* swift-lint-sample */;
			targetProxy = 51BC12E01C16B37700346BC9 /* PBXContainerItemProxy */;
		};
/* End PBXTargetDependency section */

/* Begin PBXVariantGroup section */
		51BC12C71C16B37700346BC9 /* Main.storyboard */ = {
			isa = PBXVariantGroup;
			children = (
				51BC12C81C16B37700346BC9 /* Base */,
			);
			name = Main.storyboard;
			sourceTree = "<group>";
		};
		51BC12CC1C16B37700346BC9 /* LaunchScreen.storyboard */ = {
			isa = PBXVariantGroup;
			children = (
				51BC12CD1C16B37700346BC9 /* Base */,
			);
			name = LaunchScreen.storyboard;
			sourceTree = "<group>";
		};
/* End PBXVariantGroup section */

/* Begin XCBuildConfiguration section */
		51BC12E61C16B37700346BC9 /* Debug */ = {
			isa = XCBuildConfiguration;
			buildSettings = {
				ALWAYS_SEARCH_USER_PATHS = NO;
				CLANG_CXX_LANGUAGE_STANDARD = "gnu++0x";
				CLANG_CXX_LIBRARY = "libc++";
				CLANG_ENABLE_MODULES = YES;
				CLANG_ENABLE_OBJC_ARC = YES;
				CLANG_WARN_BOOL_CONVERSION = YES;
				CLANG_WARN_CONSTANT_CONVERSION = YES;
				CLANG_WARN_DIRECT_OBJC_ISA_USAGE = YES_ERROR;
				CLANG_WARN_EMPTY_BODY = YES;
				CLANG_WARN_ENUM_CONVERSION = YES;
				CLANG_WARN_INT_CONVERSION = YES;
				CLANG_WARN_OBJC_ROOT_CLASS = YES_ERROR;
				CLANG_WARN_UNREACHABLE_CODE = YES;
				CLANG_WARN__DUPLICATE_METHOD_MATCH = YES;
				"CODE_SIGN_IDENTITY[sdk=iphoneos*]" = "iPhone Developer";
				COPY_PHASE_STRIP = NO;
				DEBUG_INFORMATION_FORMAT = dwarf;
				ENABLE_STRICT_OBJC_MSGSEND = YES;
				ENABLE_TESTABILITY = YES;
				GCC_C_LANGUAGE_STANDARD = gnu99;
				GCC_DYNAMIC_NO_PIC = NO;
				GCC_NO_COMMON_BLOCKS = YES;
				GCC_OPTIMIZATION_LEVEL = 0;
				GCC_PREPROCESSOR_DEFINITIONS = (
					"DEBUG=1",
					"$(inherited)",
				);
				GCC_WARN_64_TO_32_BIT_CONVERSION = YES;
				GCC_WARN_ABOUT_RETURN_TYPE = YES_ERROR;
				GCC_WARN_UNDECLARED_SELECTOR = YES;
				GCC_WARN_UNINITIALIZED_AUTOS = YES_AGGRESSIVE;
				GCC_WARN_UNUSED_FUNCTION = YES;
				GCC_WARN_UNUSED_VARIABLE = YES;
				IPHONEOS_DEPLOYMENT_TARGET = 9.1;
				MTL_ENABLE_DEBUG_INFO = YES;
				ONLY_ACTIVE_ARCH = YES;
				SDKROOT = iphoneos;
				SWIFT_OPTIMIZATION_LEVEL = "-Onone";
				TARGETED_DEVICE_FAMILY = "1,2";
			};
			name = Debug;
		};
		51BC12E71C16B37700346BC9 /* Release */ = {
			isa = XCBuildConfiguration;
			buildSettings = {
				ALWAYS_SEARCH_USER_PATHS = NO;
				CLANG_CXX_LANGUAGE_STANDARD = "gnu++0x";
				CLANG_CXX_LIBRARY = "libc++";
				CLANG_ENABLE_MODULES = YES;
				CLANG_ENABLE_OBJC_ARC = YES;
				CLANG_WARN_BOOL_CONVERSION = YES;
				CLANG_WARN_CONSTANT_CONVERSION = YES;
				CLANG_WARN_DIRECT_OBJC_ISA_USAGE = YES_ERROR;
				CLANG_WARN_EMPTY_BODY = YES;
				CLANG_WARN_ENUM_CONVERSION = YES;
				CLANG_WARN_INT_CONVERSION = YES;
				CLANG_WARN_OBJC_ROOT_CLASS = YES_ERROR;
				CLANG_WARN_UNREACHABLE_CODE = YES;
				CLANG_WARN__DUPLICATE_METHOD_MATCH = YES;
				"CODE_SIGN_IDENTITY[sdk=iphoneos*]" = "iPhone Developer";
				COPY_PHASE_STRIP = NO;
				DEBUG_INFORMATION_FORMAT = "dwarf-with-dsym";
				ENABLE_NS_ASSERTIONS = NO;
				ENABLE_STRICT_OBJC_MSGSEND = YES;
				GCC_C_LANGUAGE_STANDARD = gnu99;
				GCC_NO_COMMON_BLOCKS = YES;
				GCC_WARN_64_TO_32_BIT_CONVERSION = YES;
				GCC_WARN_ABOUT_RETURN_TYPE = YES_ERROR;
				GCC_WARN_UNDECLARED_SELECTOR = YES;
				GCC_WARN_UNINITIALIZED_AUTOS = YES_AGGRESSIVE;
				GCC_WARN_UNUSED_FUNCTION = YES;
				GCC_WARN_UNUSED_VARIABLE = YES;
				IPHONEOS_DEPLOYMENT_TARGET = 9.1;
				MTL_ENABLE_DEBUG_INFO = NO;
				SDKROOT = iphoneos;
				TARGETED_DEVICE_FAMILY = "1,2";
				VALIDATE_PRODUCT = YES;
			};
			name = Release;
		};
		51BC12E91C16B37700346BC9 /* Debug */ = {
			isa = XCBuildConfiguration;
			buildSettings = {
				ASSETCATALOG_COMPILER_APPICON_NAME = AppIcon;
				INFOPLIST_FILE = "swift-lint-sample/Info.plist";
				LD_RUNPATH_SEARCH_PATHS = "$(inherited) @executable_path/Frameworks";
				PRODUCT_BUNDLE_IDENTIFIER = "hm.orz.chaos114.swift-lint-sample";
				PRODUCT_NAME = "$(TARGET_NAME)";
			};
			name = Debug;
		};
		51BC12EA1C16B37700346BC9 /* Release */ = {
			isa = XCBuildConfiguration;
			buildSettings = {
				ASSETCATALOG_COMPILER_APPICON_NAME = AppIcon;
				INFOPLIST_FILE = "swift-lint-sample/Info.plist";
				LD_RUNPATH_SEARCH_PATHS = "$(inherited) @executable_path/Frameworks";
				PRODUCT_BUNDLE_IDENTIFIER = "hm.orz.chaos114.swift-lint-sample";
				PRODUCT_NAME = "$(TARGET_NAME)";
			};
			name = Release;
		};
		51BC12EC1C16B37700346BC9 /* Debug */ = {
			isa = XCBuildConfiguration;
			buildSettings = {
				BUNDLE_LOADER = "$(TEST_HOST)";
				INFOPLIST_FILE = "swift-lint-sampleTests/Info.plist";
				LD_RUNPATH_SEARCH_PATHS = "$(inherited) @executable_path/Frameworks @loader_path/Frameworks";
				PRODUCT_BUNDLE_IDENTIFIER = "hm.orz.chaos114.swift-lint-sampleTests";
				PRODUCT_NAME = "$(TARGET_NAME)";
				TEST_HOST = "$(BUILT_PRODUCTS_DIR)/swift-lint-sample.app/swift-lint-sample";
			};
			name = Debug;
		};
		51BC12ED1C16B37700346BC9 /* Release */ = {
			isa = XCBuildConfiguration;
			buildSettings = {
				BUNDLE_LOADER = "$(TEST_HOST)";
				INFOPLIST_FILE = "swift-lint-sampleTests/Info.plist";
				LD_RUNPATH_SEARCH_PATHS = "$(inherited) @executable_path/Frameworks @loader_path/Frameworks";
				PRODUCT_BUNDLE_IDENTIFIER = "hm.orz.chaos114.swift-lint-sampleTests";
				PRODUCT_NAME = "$(TARGET_NAME)";
				TEST_HOST = "$(BUILT_PRODUCTS_DIR)/swift-lint-sample.app/swift-lint-sample";
			};
			name = Release;
		};
		51BC12EF1C16B37700346BC9 /* Debug */ = {
			isa = XCBuildConfiguration;
			buildSettings = {
				INFOPLIST_FILE = "swift-lint-sampleUITests/Info.plist";
				LD_RUNPATH_SEARCH_PATHS = "$(inherited) @executable_path/Frameworks @loader_path/Frameworks";
				PRODUCT_BUNDLE_IDENTIFIER = "hm.orz.chaos114.swift-lint-sampleUITests";
				PRODUCT_NAME = "$(TARGET_NAME)";
				TEST_TARGET_NAME = "swift-lint-sample";
				USES_XCTRUNNER = YES;
			};
			name = Debug;
		};
		51BC12F01C16B37700346BC9 /* Release */ = {
			isa = XCBuildConfiguration;
			buildSettings = {
				INFOPLIST_FILE = "swift-lint-sampleUITests/Info.plist";
				LD_RUNPATH_SEARCH_PATHS = "$(inherited) @executable_path/Frameworks @loader_path/Frameworks";
				PRODUCT_BUNDLE_IDENTIFIER = "hm.orz.chaos114.swift-lint-sampleUITests";
				PRODUCT_NAME = "$(TARGET_NAME)";
				TEST_TARGET_NAME = "swift-lint-sample";
				USES_XCTRUNNER = YES;
			};
			name = Release;
		};
/* End XCBuildConfiguration section */

/* Begin XCConfigurationList section */
		51BC12B91C16B37700346BC9 /* Build configuration list for PBXProject "swift-lint-sample" */ = {
			isa = XCConfigurationList;
			buildConfigurations = (
				51BC12E61C16B37700346BC9 /* Debug */,
				51BC12E71C16B37700346BC9 /* Release */,
			);
			defaultConfigurationIsVisible = 0;
			defaultConfigurationName = Release;
		};
		51BC12E81C16B37700346BC9 /* Build configuration list for PBXNativeTarget "swift-lint-sample" */ = {
			isa = XCConfigurationList;
			buildConfigurations = (
				51BC12E91C16B37700346BC9 /* Debug */,
				51BC12EA1C16B37700346BC9 /* Release */,
			);
			defaultConfigurationIsVisible = 0;
		};
		51BC12EB1C16B37700346BC9 /* Build configuration list for PBXNativeTarget "swift-lint-sampleTests" */ = {
			isa = XCConfigurationList;
			buildConfigurations = (
				51BC12EC1C16B37700346BC9 /* Debug */,
				51BC12ED1C16B37700346BC9 /* Release */,
			);
			defaultConfigurationIsVisible = 0;
		};
		51BC12EE1C16B37700346BC9 /* Build configuration list for PBXNativeTarget "swift-lint-sampleUITests" */ = {
			isa = XCConfigurationList;
			buildConfigurations = (
				51BC12EF1C16B37700346BC9 /* Debug */,
				51BC12F01C16B37700346BC9 /* Release */,
			);
			defaultConfigurationIsVisible = 0;
		};
/* End XCConfigurationList section */
	};
	rootObject = 51BC12B61C16B37700346BC9 /* Project object */;
}
